
Microsoft Visual Studio Solution File, Format Version 12.00
# Visual Studio 15
VisualStudioVersion = 15.0.26124.0
MinimumVisualStudioVersion = 15.0.26124.0
Project("{FAE04EC0-301F-11D3-BF4B-00C04F79EFBC}") = "provide", "provide\provide.csproj", "{47BEF31A-C749-4C4A-80AB-591D0AE7575F}"
EndProject
Project("{FAE04EC0-301F-11D3-BF4B-00C04F79EFBC}") = "provide.tests", "provide.tests\provide.tests.csproj", "{4EEFE19C-F14C-4622-808C-A05644D5EC63}"
EndProject
Global
	GlobalSection(SolutionConfigurationPlatforms) = preSolution
		Debug|Any CPU = Debug|Any CPU
		Debug|x64 = Debug|x64
		Debug|x86 = Debug|x86
		Release|Any CPU = Release|Any CPU
		Release|x64 = Release|x64
		Release|x86 = Release|x86
	EndGlobalSection
	GlobalSection(SolutionProperties) = preSolution
		HideSolutionNode = FALSE
	EndGlobalSection
	GlobalSection(ProjectConfigurationPlatforms) = postSolution
		{AB3295BD-B364-4E58-836A-DCFD0BC843CE}.Debug|Any CPU.ActiveCfg = Debug|Any CPU
		{AB3295BD-B364-4E58-836A-DCFD0BC843CE}.Debug|Any CPU.Build.0 = Debug|Any CPU
		{AB3295BD-B364-4E58-836A-DCFD0BC843CE}.Debug|x64.ActiveCfg = Debug|Any CPU
		{AB3295BD-B364-4E58-836A-DCFD0BC843CE}.Debug|x64.Build.0 = Debug|Any CPU
		{AB3295BD-B364-4E58-836A-DCFD0BC843CE}.Debug|x86.ActiveCfg = Debug|Any CPU
		{AB3295BD-B364-4E58-836A-DCFD0BC843CE}.Debug|x86.Build.0 = Debug|Any CPU
		{AB3295BD-B364-4E58-836A-DCFD0BC843CE}.Release|Any CPU.ActiveCfg = Release|Any CPU
		{AB3295BD-B364-4E58-836A-DCFD0BC843CE}.Release|Any CPU.Build.0 = Release|Any CPU
		{AB3295BD-B364-4E58-836A-DCFD0BC843CE}.Release|x64.ActiveCfg = Release|Any CPU
		{AB3295BD-B364-4E58-836A-DCFD0BC843CE}.Release|x64.Build.0 = Release|Any CPU
		{AB3295BD-B364-4E58-836A-DCFD0BC843CE}.Release|x86.ActiveCfg = Release|Any CPU
		{AB3295BD-B364-4E58-836A-DCFD0BC843CE}.Release|x86.Build.0 = Release|Any CPU
		{47BEF31A-C749-4C4A-80AB-591D0AE7575F}.Debug|Any CPU.ActiveCfg = Debug|Any CPU
		{47BEF31A-C749-4C4A-80AB-591D0AE7575F}.Debug|Any CPU.Build.0 = Debug|Any CPU
		{47BEF31A-C749-4C4A-80AB-591D0AE7575F}.Debug|x64.ActiveCfg = Debug|Any CPU
		{47BEF31A-C749-4C4A-80AB-591D0AE7575F}.Debug|x64.Build.0 = Debug|Any CPU
		{47BEF31A-C749-4C4A-80AB-591D0AE7575F}.Debug|x86.ActiveCfg = Debug|Any CPU
		{47BEF31A-C749-4C4A-80AB-591D0AE7575F}.Debug|x86.Build.0 = Debug|Any CPU
		{47BEF31A-C749-4C4A-80AB-591D0AE7575F}.Release|Any CPU.ActiveCfg = Release|Any CPU
		{47BEF31A-C749-4C4A-80AB-591D0AE7575F}.Release|Any CPU.Build.0 = Release|Any CPU
		{47BEF31A-C749-4C4A-80AB-591D0AE7575F}.Release|x64.ActiveCfg = Release|Any CPU
		{47BEF31A-C749-4C4A-80AB-591D0AE7575F}.Release|x64.Build.0 = Release|Any CPU
		{47BEF31A-C749-4C4A-80AB-591D0AE7575F}.Release|x86.ActiveCfg = Release|Any CPU
		{47BEF31A-C749-4C4A-80AB-591D0AE7575F}.Release|x86.Build.0 = Release|Any CPU
		{4EEFE19C-F14C-4622-808C-A05644D5EC63}.Debug|Any CPU.ActiveCfg = Debug|Any CPU
		{4EEFE19C-F14C-4622-808C-A05644D5EC63}.Debug|Any CPU.Build.0 = Debug|Any CPU
		{4EEFE19C-F14C-4622-808C-A05644D5EC63}.Debug|x64.ActiveCfg = Debug|Any CPU
		{4EEFE19C-F14C-4622-808C-A05644D5EC63}.Debug|x64.Build.0 = Debug|Any CPU
		{4EEFE19C-F14C-4622-808C-A05644D5EC63}.Debug|x86.ActiveCfg = Debug|Any CPU
		{4EEFE19C-F14C-4622-808C-A05644D5EC63}.Debug|x86.Build.0 = Debug|Any CPU
		{4EEFE19C-F14C-4622-808C-A05644D5EC63}.Release|Any CPU.ActiveCfg = Release|Any CPU
		{4EEFE19C-F14C-4622-808C-A05644D5EC63}.Release|Any CPU.Build.0 = Release|Any CPU
		{4EEFE19C-F14C-4622-808C-A05644D5EC63}.Release|x64.ActiveCfg = Release|Any CPU
		{4EEFE19C-F14C-4622-808C-A05644D5EC63}.Release|x64.Build.0 = Release|Any CPU
		{4EEFE19C-F14C-4622-808C-A05644D5EC63}.Release|x86.ActiveCfg = Release|Any CPU
		{4EEFE19C-F14C-4622-808C-A05644D5EC63}.Release|x86.Build.0 = Release|Any CPU
	EndGlobalSection
EndGlobal
